
Microsoft Visual Studio Solution File, Format Version 12.00
# Visual Studio Version 16
VisualStudioVersion = 16.0.29102.190
MinimumVisualStudioVersion = 10.0.40219.1
Project("{FAE04EC0-301F-11D3-BF4B-00C04F79EFBC}") = "WindowsRouteFormD", "WindowsRouteFormD\WindowsRouteFormD.csproj", "{9ED87D69-8364-478D-9F48-570BEE593F47}"
EndProject
Project("{FAE04EC0-301F-11D3-BF4B-00C04F79EFBC}") = "FenXianRouteFromD", "FenXianRouteFromD\FenXianRouteFromD.csproj", "{40C6EB6C-88ED-48A6-B684-DED25BDCAA78}"
EndProject
Project("{FAE04EC0-301F-11D3-BF4B-00C04F79EFBC}") = "FenXianRouteLasteZm", "FenXianRouteLasteZm\FenXianRouteLasteZm.csproj", "{2B319869-18DC-4576-A2F9-0D6488B7CC09}"
EndProject
Project("{FAE04EC0-301F-11D3-BF4B-00C04F79EFBC}") = "FexXianRouteFromDUpdate", "FexXianRouteFromDUpdate\FexXianRouteFromDUpdate.csproj", "{BE9EA205-AC7C-443F-9915-DD3A64B5A356}"
EndProject
Project("{FAE04EC0-301F-11D3-BF4B-00C04F79EFBC}") = "Util", "DB\Util.csproj", "{7C41B151-0333-4910-B37F-7576560C3AB6}"
EndProject
Project("{FAE04EC0-301F-11D3-BF4B-00C04F79EFBC}") = "ProcessRepeatData", "ProcessRepeatData\ProcessRepeatData.csproj", "{6CB3CC1B-AD32-49A0-B0F1-6C182E320915}"
EndProject
Project("{FAE04EC0-301F-11D3-BF4B-00C04F79EFBC}") = "newWinForm", "newWinForm\newWinForm.csproj", "{7B755CFA-AFE6-4C53-AD8D-27F218362A8B}"
EndProject
Project("{FAE04EC0-301F-11D3-BF4B-00C04F79EFBC}") = "App", "App\App.csproj", "{8D5281FA-F45F-4FDD-85D6-248ACC337B05}"
EndProject
Project("{FAE04EC0-301F-11D3-BF4B-00C04F79EFBC}") = "Zy", "Zy\Zy.csproj", "{1885B1F3-582F-49ED-A596-7121A0DB6545}"
EndProject
Global
	GlobalSection(SolutionConfigurationPlatforms) = preSolution
		Debug|Any CPU = Debug|Any CPU
		Debug|ARM = Debug|ARM
		Debug|x64 = Debug|x64
		Debug|x86 = Debug|x86
		Release|Any CPU = Release|Any CPU
		Release|ARM = Release|ARM
		Release|x64 = Release|x64
		Release|x86 = Release|x86
	EndGlobalSection
	GlobalSection(ProjectConfigurationPlatforms) = postSolution
		{9ED87D69-8364-478D-9F48-570BEE593F47}.Debug|Any CPU.ActiveCfg = Debug|Any CPU
		{9ED87D69-8364-478D-9F48-570BEE593F47}.Debug|Any CPU.Build.0 = Debug|Any CPU
		{9ED87D69-8364-478D-9F48-570BEE593F47}.Debug|ARM.ActiveCfg = Debug|Any CPU
		{9ED87D69-8364-478D-9F48-570BEE593F47}.Debug|ARM.Build.0 = Debug|Any CPU
		{9ED87D69-8364-478D-9F48-570BEE593F47}.Debug|x64.ActiveCfg = Debug|Any CPU
		{9ED87D69-8364-478D-9F48-570BEE593F47}.Debug|x64.Build.0 = Debug|Any CPU
		{9ED87D69-8364-478D-9F48-570BEE593F47}.Debug|x86.ActiveCfg = Debug|Any CPU
		{9ED87D69-8364-478D-9F48-570BEE593F47}.Debug|x86.Build.0 = Debug|Any CPU
		{9ED87D69-8364-478D-9F48-570BEE593F47}.Release|Any CPU.ActiveCfg = Release|Any CPU
		{9ED87D69-8364-478D-9F48-570BEE593F47}.Release|Any CPU.Build.0 = Release|Any CPU
		{9ED87D69-8364-478D-9F48-570BEE593F47}.Release|ARM.ActiveCfg = Release|Any CPU
		{9ED87D69-8364-478D-9F48-570BEE593F47}.Release|ARM.Build.0 = Release|Any CPU
		{9ED87D69-8364-478D-9F48-570BEE593F47}.Release|x64.ActiveCfg = Release|Any CPU
		{9ED87D69-8364-478D-9F48-570BEE593F47}.Release|x64.Build.0 = Release|Any CPU
		{9ED87D69-8364-478D-9F48-570BEE593F47}.Release|x86.ActiveCfg = Release|Any CPU
		{9ED87D69-8364-478D-9F48-570BEE593F47}.Release|x86.Build.0 = Release|Any CPU
		{40C6EB6C-88ED-48A6-B684-DED25BDCAA78}.Debug|Any CPU.ActiveCfg = Debug|Any CPU
		{40C6EB6C-88ED-48A6-B684-DED25BDCAA78}.Debug|Any CPU.Build.0 = Debug|Any CPU
		{40C6EB6C-88ED-48A6-B684-DED25BDCAA78}.Debug|ARM.ActiveCfg = Debug|Any CPU
		{40C6EB6C-88ED-48A6-B684-DED25BDCAA78}.Debug|ARM.Build.0 = Debug|Any CPU
		{40C6EB6C-88ED-48A6-B684-DED25BDCAA78}.Debug|x64.ActiveCfg = Debug|Any CPU
		{40C6EB6C-88ED-48A6-B684-DED25BDCAA78}.Debug|x64.Build.0 = Debug|Any CPU
		{40C6EB6C-88ED-48A6-B684-DED25BDCAA78}.Debug|x86.ActiveCfg = Debug|Any CPU
		{40C6EB6C-88ED-48A6-B684-DED25BDCAA78}.Debug|x86.Build.0 = Debug|Any CPU
		{40C6EB6C-88ED-48A6-B684-DED25BDCAA78}.Release|Any CPU.ActiveCfg = Release|Any CPU
		{40C6EB6C-88ED-48A6-B684-DED25BDCAA78}.Release|Any CPU.Build.0 = Release|Any CPU
		{40C6EB6C-88ED-48A6-B684-DED25BDCAA78}.Release|ARM.ActiveCfg = Release|Any CPU
		{40C6EB6C-88ED-48A6-B684-DED25BDCAA78}.Release|ARM.Build.0 = Release|Any CPU
		{40C6EB6C-88ED-48A6-B684-DED25BDCAA78}.Release|x64.ActiveCfg = Release|Any CPU
		{40C6EB6C-88ED-48A6-B684-DED25BDCAA78}.Release|x64.Build.0 = Release|Any CPU
		{40C6EB6C-88ED-48A6-B684-DED25BDCAA78}.Release|x86.ActiveCfg = Release|Any CPU
		{40C6EB6C-88ED-48A6-B684-DED25BDCAA78}.Release|x86.Build.0 = Release|Any CPU
		{2B319869-18DC-4576-A2F9-0D6488B7CC09}.Debug|Any CPU.ActiveCfg = Debug|Any CPU
		{2B319869-18DC-4576-A2F9-0D6488B7CC09}.Debug|Any CPU.Build.0 = Debug|Any CPU
		{2B319869-18DC-4576-A2F9-0D6488B7CC09}.Debug|ARM.ActiveCfg = Debug|Any CPU
		{2B319869-18DC-4576-A2F9-0D6488B7CC09}.Debug|ARM.Build.0 = Debug|Any CPU
		{2B319869-18DC-4576-A2F9-0D6488B7CC09}.Debug|x64.ActiveCfg = Debug|Any CPU
		{2B319869-18DC-4576-A2F9-0D6488B7CC09}.Debug|x64.Build.0 = Debug|Any CPU
		{2B319869-18DC-4576-A2F9-0D6488B7CC09}.Debug|x86.ActiveCfg = Debug|Any CPU
		{2B319869-18DC-4576-A2F9-0D6488B7CC09}.Debug|x86.Build.0 = Debug|Any CPU
		{2B319869-18DC-4576-A2F9-0D6488B7CC09}.Release|Any CPU.ActiveCfg = Release|Any CPU
		{2B319869-18DC-4576-A2F9-0D6488B7CC09}.Release|Any CPU.Build.0 = Release|Any CPU
		{2B319869-18DC-4576-A2F9-0D6488B7CC09}.Release|ARM.ActiveCfg = Release|Any CPU
		{2B319869-18DC-4576-A2F9-0D6488B7CC09}.Release|ARM.Build.0 = Release|Any CPU
		{2B319869-18DC-4576-A2F9-0D6488B7CC09}.Release|x64.ActiveCfg = Release|Any CPU
		{2B319869-18DC-4576-A2F9-0D6488B7CC09}.Release|x64.Build.0 = Release|Any CPU
		{2B319869-18DC-4576-A2F9-0D6488B7CC09}.Release|x86.ActiveCfg = Release|Any CPU
		{2B319869-18DC-4576-A2F9-0D6488B7CC09}.Release|x86.Build.0 = Release|Any CPU
		{BE9EA205-AC7C-443F-9915-DD3A64B5A356}.Debug|Any CPU.ActiveCfg = Debug|Any CPU
		{BE9EA205-AC7C-443F-9915-DD3A64B5A356}.Debug|Any CPU.Build.0 = Debug|Any CPU
		{BE9EA205-AC7C-443F-9915-DD3A64B5A356}.Debug|ARM.ActiveCfg = Debug|Any CPU
		{BE9EA205-AC7C-443F-9915-DD3A64B5A356}.Debug|ARM.Build.0 = Debug|Any CPU
		{BE9EA205-AC7C-443F-9915-DD3A64B5A356}.Debug|x64.ActiveCfg = Debug|Any CPU
		{BE9EA205-AC7C-443F-9915-DD3A64B5A356}.Debug|x64.Build.0 = Debug|Any CPU
		{BE9EA205-AC7C-443F-9915-DD3A64B5A356}.Debug|x86.ActiveCfg = Debug|Any CPU
		{BE9EA205-AC7C-443F-9915-DD3A64B5A356}.Debug|x86.Build.0 = Debug|Any CPU
		{BE9EA205-AC7C-443F-9915-DD3A64B5A356}.Release|Any CPU.ActiveCfg = Release|Any CPU
		{BE9EA205-AC7C-443F-9915-DD3A64B5A356}.Release|Any CPU.Build.0 = Release|Any CPU
		{BE9EA205-AC7C-443F-9915-DD3A64B5A356}.Release|ARM.ActiveCfg = Release|Any CPU
		{BE9EA205-AC7C-443F-9915-DD3A64B5A356}.Release|ARM.Build.0 = Release|Any CPU
		{BE9EA205-AC7C-443F-9915-DD3A64B5A356}.Release|x64.ActiveCfg = Release|Any CPU
		{BE9EA205-AC7C-443F-9915-DD3A64B5A356}.Release|x64.Build.0 = Release|Any CPU
		{BE9EA205-AC7C-443F-9915-DD3A64B5A356}.Release|x86.ActiveCfg = Release|Any CPU
		{BE9EA205-AC7C-443F-9915-DD3A64B5A356}.Release|x86.Build.0 = Release|Any CPU
		{7C41B151-0333-4910-B37F-7576560C3AB6}.Debug|Any CPU.ActiveCfg = Debug|Any CPU
		{7C41B151-0333-4910-B37F-7576560C3AB6}.Debug|Any CPU.Build.0 = Debug|Any CPU
		{7C41B151-0333-4910-B37F-7576560C3AB6}.Debug|ARM.ActiveCfg = Debug|Any CPU
		{7C41B151-0333-4910-B37F-7576560C3AB6}.Debug|ARM.Build.0 = Debug|Any CPU
		{7C41B151-0333-4910-B37F-7576560C3AB6}.Debug|x64.ActiveCfg = Debug|Any CPU
		{7C41B151-0333-4910-B37F-7576560C3AB6}.Debug|x64.Build.0 = Debug|Any CPU
		{7C41B151-0333-4910-B37F-7576560C3AB6}.Debug|x86.ActiveCfg = Debug|Any CPU
		{7C41B151-0333-4910-B37F-7576560C3AB6}.Debug|x86.Build.0 = Debug|Any CPU
		{7C41B151-0333-4910-B37F-7576560C3AB6}.Release|Any CPU.ActiveCfg = Release|Any CPU
		{7C41B151-0333-4910-B37F-7576560C3AB6}.Release|Any CPU.Build.0 = Release|Any CPU
		{7C41B151-0333-4910-B37F-7576560C3AB6}.Release|ARM.ActiveCfg = Release|Any CPU
		{7C41B151-0333-4910-B37F-7576560C3AB6}.Release|ARM.Build.0 = Release|Any CPU
		{7C41B151-0333-4910-B37F-7576560C3AB6}.Release|x64.ActiveCfg = Release|Any CPU
		{7C41B151-0333-4910-B37F-7576560C3AB6}.Release|x64.Build.0 = Release|Any CPU
		{7C41B151-0333-4910-B37F-7576560C3AB6}.Release|x86.ActiveCfg = Release|Any CPU
		{7C41B151-0333-4910-B37F-7576560C3AB6}.Release|x86.Build.0 = Release|Any CPU
		{6CB3CC1B-AD32-49A0-B0F1-6C182E320915}.Debug|Any CPU.ActiveCfg = Debug|Any CPU
		{6CB3CC1B-AD32-49A0-B0F1-6C182E320915}.Debug|Any CPU.Build.0 = Debug|Any CPU
		{6CB3CC1B-AD32-49A0-B0F1-6C182E320915}.Debug|ARM.ActiveCfg = Debug|Any CPU
		{6CB3CC1B-AD32-49A0-B0F1-6C182E320915}.Debug|ARM.Build.0 = Debug|Any CPU
		{6CB3CC1B-AD32-49A0-B0F1-6C182E320915}.Debug|x64.ActiveCfg = Debug|Any CPU
		{6CB3CC1B-AD32-49A0-B0F1-6C182E320915}.Debug|x64.Build.0 = Debug|Any CPU
		{6CB3CC1B-AD32-49A0-B0F1-6C182E320915}.Debug|x86.ActiveCfg = Debug|Any CPU
		{6CB3CC1B-AD32-49A0-B0F1-6C182E320915}.Debug|x86.Build.0 = Debug|Any CPU
		{6CB3CC1B-AD32-49A0-B0F1-6C182E320915}.Release|Any CPU.ActiveCfg = Release|Any CPU
		{6CB3CC1B-AD32-49A0-B0F1-6C182E320915}.Release|Any CPU.Build.0 = Release|Any CPU
		{6CB3CC1B-AD32-49A0-B0F1-6C182E320915}.Release|ARM.ActiveCfg = Release|Any CPU
		{6CB3CC1B-AD32-49A0-B0F1-6C182E320915}.Release|ARM.Build.0 = Release|Any CPU
		{6CB3CC1B-AD32-49A0-B0F1-6C182E320915}.Release|x64.ActiveCfg = Release|Any CPU
		{6CB3CC1B-AD32-49A0-B0F1-6C182E320915}.Release|x64.Build.0 = Release|Any CPU
		{6CB3CC1B-AD32-49A0-B0F1-6C182E320915}.Release|x86.ActiveCfg = Release|Any CPU
		{6CB3CC1B-AD32-49A0-B0F1-6C182E320915}.Release|x86.Build.0 = Release|Any CPU
		{7B755CFA-AFE6-4C53-AD8D-27F218362A8B}.Debug|Any CPU.ActiveCfg = Debug|Any CPU
		{7B755CFA-AFE6-4C53-AD8D-27F218362A8B}.Debug|Any CPU.Build.0 = Debug|Any CPU
		{7B755CFA-AFE6-4C53-AD8D-27F218362A8B}.Debug|ARM.ActiveCfg = Debug|Any CPU
		{7B755CFA-AFE6-4C53-AD8D-27F218362A8B}.Debug|ARM.Build.0 = Debug|Any CPU
		{7B755CFA-AFE6-4C53-AD8D-27F218362A8B}.Debug|x64.ActiveCfg = Debug|Any CPU
		{7B755CFA-AFE6-4C53-AD8D-27F218362A8B}.Debug|x64.Build.0 = Debug|Any CPU
		{7B755CFA-AFE6-4C53-AD8D-27F218362A8B}.Debug|x86.ActiveCfg = Debug|Any CPU
		{7B755CFA-AFE6-4C53-AD8D-27F218362A8B}.Debug|x86.Build.0 = Debug|Any CPU
		{7B755CFA-AFE6-4C53-AD8D-27F218362A8B}.Release|Any CPU.ActiveCfg = Release|Any CPU
		{7B755CFA-AFE6-4C53-AD8D-27F218362A8B}.Release|Any CPU.Build.0 = Release|Any CPU
		{7B755CFA-AFE6-4C53-AD8D-27F218362A8B}.Release|ARM.ActiveCfg = Release|Any CPU
		{7B755CFA-AFE6-4C53-AD8D-27F218362A8B}.Release|ARM.Build.0 = Release|Any CPU
		{7B755CFA-AFE6-4C53-AD8D-27F218362A8B}.Release|x64.ActiveCfg = Release|Any CPU
		{7B755CFA-AFE6-4C53-AD8D-27F218362A8B}.Release|x64.Build.0 = Release|Any CPU
		{7B755CFA-AFE6-4C53-AD8D-27F218362A8B}.Release|x86.ActiveCfg = Release|Any CPU
		{7B755CFA-AFE6-4C53-AD8D-27F218362A8B}.Release|x86.Build.0 = Release|Any CPU
		{8D5281FA-F45F-4FDD-85D6-248ACC337B05}.Debug|Any CPU.ActiveCfg = Debug|Any CPU
		{8D5281FA-F45F-4FDD-85D6-248ACC337B05}.Debug|Any CPU.Build.0 = Debug|Any CPU
		{8D5281FA-F45F-4FDD-85D6-248ACC337B05}.Debug|ARM.ActiveCfg = Debug|Any CPU
		{8D5281FA-F45F-4FDD-85D6-248ACC337B05}.Debug|ARM.Build.0 = Debug|Any CPU
		{8D5281FA-F45F-4FDD-85D6-248ACC337B05}.Debug|x64.ActiveCfg = Debug|Any CPU
		{8D5281FA-F45F-4FDD-85D6-248ACC337B05}.Debug|x64.Build.0 = Debug|Any CPU
		{8D5281FA-F45F-4FDD-85D6-248ACC337B05}.Debug|x86.ActiveCfg = Debug|Any CPU
		{8D5281FA-F45F-4FDD-85D6-248ACC337B05}.Debug|x86.Build.0 = Debug|Any CPU
		{8D5281FA-F45F-4FDD-85D6-248ACC337B05}.Release|Any CPU.ActiveCfg = Release|Any CPU
		{8D5281FA-F45F-4FDD-85D6-248ACC337B05}.Release|Any CPU.Build.0 = Release|Any CPU
		{8D5281FA-F45F-4FDD-85D6-248ACC337B05}.Release|ARM.ActiveCfg = Release|Any CPU
		{8D5281FA-F45F-4FDD-85D6-248ACC337B05}.Release|ARM.Build.0 = Release|Any CPU
		{8D5281FA-F45F-4FDD-85D6-248ACC337B05}.Release|x64.ActiveCfg = Release|Any CPU
		{8D5281FA-F45F-4FDD-85D6-248ACC337B05}.Release|x64.Build.0 = Release|Any CPU
		{8D5281FA-F45F-4FDD-85D6-248ACC337B05}.Release|x86.ActiveCfg = Release|Any CPU
		{8D5281FA-F45F-4FDD-85D6-248ACC337B05}.Release|x86.Build.0 = Release|Any CPU
		{1885B1F3-582F-49ED-A596-7121A0DB6545}.Debug|Any CPU.ActiveCfg = Debug|Any CPU
		{1885B1F3-582F-49ED-A596-7121A0DB6545}.Debug|Any CPU.Build.0 = Debug|Any CPU
		{1885B1F3-582F-49ED-A596-7121A0DB6545}.Debug|ARM.ActiveCfg = Debug|Any CPU
		{1885B1F3-582F-49ED-A596-7121A0DB6545}.Debug|ARM.Build.0 = Debug|Any CPU
		{1885B1F3-582F-49ED-A596-7121A0DB6545}.Debug|x64.ActiveCfg = Debug|Any CPU
		{1885B1F3-582F-49ED-A596-7121A0DB6545}.Debug|x64.Build.0 = Debug|Any CPU
		{1885B1F3-582F-49ED-A596-7121A0DB6545}.Debug|x86.ActiveCfg = Debug|Any CPU
		{1885B1F3-582F-49ED-A596-7121A0DB6545}.Debug|x86.Build.0 = Debug|Any CPU
		{1885B1F3-582F-49ED-A596-7121A0DB6545}.Release|Any CPU.ActiveCfg = Release|Any CPU
		{1885B1F3-582F-49ED-A596-7121A0DB6545}.Release|Any CPU.Build.0 = Release|Any CPU
		{1885B1F3-582F-49ED-A596-7121A0DB6545}.Release|ARM.ActiveCfg = Release|Any CPU
		{1885B1F3-582F-49ED-A596-7121A0DB6545}.Release|ARM.Build.0 = Release|Any CPU
		{1885B1F3-582F-49ED-A596-7121A0DB6545}.Release|x64.ActiveCfg = Release|Any CPU
		{1885B1F3-582F-49ED-A596-7121A0DB6545}.Release|x64.Build.0 = Release|Any CPU
		{1885B1F3-582F-49ED-A596-7121A0DB6545}.Release|x86.ActiveCfg = Release|Any CPU
		{1885B1F3-582F-49ED-A596-7121A0DB6545}.Release|x86.Build.0 = Release|Any CPU
	EndGlobalSection
	GlobalSection(SolutionProperties) = preSolution
		HideSolutionNode = FALSE
	EndGlobalSection
	GlobalSection(ExtensibilityGlobals) = postSolution
		SolutionGuid = {E5A29FF1-2836-41CF-9445-997F12A8886F}
	EndGlobalSection
EndGlobal
